
Microsoft Visual Studio Solution File, Format Version 12.00
# Visual Studio Version 17
VisualStudioVersion = 17.3.32929.385
MinimumVisualStudioVersion = 10.0.40219.1
Project("{9A19103F-16F7-4668-BE54-9A1E7A4F7556}") = "MortagageLib", "MortagageLib\MortagageLib.csproj", "{9C2FFAEB-5E22-4EC4-8947-C9C687E16619}"
EndProject
Project("{9A19103F-16F7-4668-BE54-9A1E7A4F7556}") = "MortgageLibTest", "MortgageLibTest\MortgageLibTest.csproj", "{8037140E-C5A0-48A8-8A9F-BF4EE4AAF271}"
EndProject
Project("{9A19103F-16F7-4668-BE54-9A1E7A4F7556}") = "IndexerDemo", "IndexerDemo\IndexerDemo.csproj", "{F9C340F7-5D08-46C7-B420-124614842C9E}"
EndProject
Project("{9A19103F-16F7-4668-BE54-9A1E7A4F7556}") = "IndexerDemoTests", "IndexerDemoTests\IndexerDemoTests.csproj", "{9FBA1A71-E7E4-42CC-899B-2B3D7FB732B2}"
EndProject
Project("{9A19103F-16F7-4668-BE54-9A1E7A4F7556}") = "StackAndQueue", "StackAndQueue\StackAndQueue.csproj", "{F1CC24D8-0A94-4A9C-A06A-7B9A8A29ECC0}"
EndProject
Project("{9A19103F-16F7-4668-BE54-9A1E7A4F7556}") = "TimerEventSample", "TimerEventSample\TimerEventSample.csproj", "{DFC621BB-2FC8-49F9-AC85-89FFFF380A8D}"
EndProject
Project("{9A19103F-16F7-4668-BE54-9A1E7A4F7556}") = "InheritanceExample", "InheritanceExample\InheritanceExample.csproj", "{9A954EB2-9AAE-4550-83EC-51A6ABECA75A}"
EndProject
Project("{9A19103F-16F7-4668-BE54-9A1E7A4F7556}") = "JsonExercise", "JsonExercise\JsonExercise.csproj", "{1D335650-1D29-45AE-AF14-5C1C9DAC8473}"
EndProject
Project("{9A19103F-16F7-4668-BE54-9A1E7A4F7556}") = "EFHelloWorld", "EFHelloWorld\EFHelloWorld.csproj", "{5ADD5A7D-53CA-40F0-9971-B90A7DB141FC}"
EndProject
Project("{9A19103F-16F7-4668-BE54-9A1E7A4F7556}") = "BrotliSample", "BrotliSample\BrotliSample.csproj", "{91079167-BA49-443C-9198-60FE6554910B}"
EndProject
Project("{9A19103F-16F7-4668-BE54-9A1E7A4F7556}") = "ExtendingEF", "ExtendingEF\ExtendingEF.csproj", "{15012085-D422-44BE-B81D-6E6D2204790A}"
EndProject
Project("{9A19103F-16F7-4668-BE54-9A1E7A4F7556}") = "GithubClient", "GithubClient\GithubClient.csproj", "{7C07A0BD-CACB-41FA-98A3-203D01C8B849}"
EndProject
Project("{9A19103F-16F7-4668-BE54-9A1E7A4F7556}") = "XKCDDownload", "XKCDDownload\XKCDDownload.csproj", "{4DFD94F2-9E16-4599-91F8-E857F7751156}"
EndProject
Project("{9A19103F-16F7-4668-BE54-9A1E7A4F7556}") = "ParallelSamples", "ParallelSamples\ParallelSamples.csproj", "{D1D7251E-337C-4F02-B84B-9E5D2DA4D266}"
EndProject
Project("{9A19103F-16F7-4668-BE54-9A1E7A4F7556}") = "SynchroObjects", "SynchroObjects\SynchroObjects.csproj", "{8679A7AC-B1ED-4E40-B69F-58B390339940}"
EndProject
Project("{9A19103F-16F7-4668-BE54-9A1E7A4F7556}") = "ExploreReflection", "ExploreReflection\ExploreReflection.csproj", "{06800A09-4ECD-45F6-BBB6-AB5151B02B57}"
EndProject
Project("{9A19103F-16F7-4668-BE54-9A1E7A4F7556}") = "AttributeSample", "AttributeSample\AttributeSample.csproj", "{C9F0A0D5-7473-40F3-92CA-1A64753351ED}"
EndProject
Project("{FAE04EC0-301F-11D3-BF4B-00C04F79EFBC}") = "CryptoSample", "CryptoSample\CryptoSample.csproj", "{AD23FEFD-1491-4240-BAB8-796BB8EA7154}"
EndProject
Global
	GlobalSection(SolutionConfigurationPlatforms) = preSolution
		Debug|Any CPU = Debug|Any CPU
		Release|Any CPU = Release|Any CPU
	EndGlobalSection
	GlobalSection(ProjectConfigurationPlatforms) = postSolution
		{9C2FFAEB-5E22-4EC4-8947-C9C687E16619}.Debug|Any CPU.ActiveCfg = Debug|Any CPU
		{9C2FFAEB-5E22-4EC4-8947-C9C687E16619}.Debug|Any CPU.Build.0 = Debug|Any CPU
		{9C2FFAEB-5E22-4EC4-8947-C9C687E16619}.Release|Any CPU.ActiveCfg = Release|Any CPU
		{9C2FFAEB-5E22-4EC4-8947-C9C687E16619}.Release|Any CPU.Build.0 = Release|Any CPU
		{8037140E-C5A0-48A8-8A9F-BF4EE4AAF271}.Debug|Any CPU.ActiveCfg = Debug|Any CPU
		{8037140E-C5A0-48A8-8A9F-BF4EE4AAF271}.Debug|Any CPU.Build.0 = Debug|Any CPU
		{8037140E-C5A0-48A8-8A9F-BF4EE4AAF271}.Release|Any CPU.ActiveCfg = Release|Any CPU
		{8037140E-C5A0-48A8-8A9F-BF4EE4AAF271}.Release|Any CPU.Build.0 = Release|Any CPU
		{F9C340F7-5D08-46C7-B420-124614842C9E}.Debug|Any CPU.ActiveCfg = Debug|Any CPU
		{F9C340F7-5D08-46C7-B420-124614842C9E}.Debug|Any CPU.Build.0 = Debug|Any CPU
		{F9C340F7-5D08-46C7-B420-124614842C9E}.Release|Any CPU.ActiveCfg = Release|Any CPU
		{F9C340F7-5D08-46C7-B420-124614842C9E}.Release|Any CPU.Build.0 = Release|Any CPU
		{9FBA1A71-E7E4-42CC-899B-2B3D7FB732B2}.Debug|Any CPU.ActiveCfg = Debug|Any CPU
		{9FBA1A71-E7E4-42CC-899B-2B3D7FB732B2}.Debug|Any CPU.Build.0 = Debug|Any CPU
		{9FBA1A71-E7E4-42CC-899B-2B3D7FB732B2}.Release|Any CPU.ActiveCfg = Release|Any CPU
		{9FBA1A71-E7E4-42CC-899B-2B3D7FB732B2}.Release|Any CPU.Build.0 = Release|Any CPU
		{F1CC24D8-0A94-4A9C-A06A-7B9A8A29ECC0}.Debug|Any CPU.ActiveCfg = Debug|Any CPU
		{F1CC24D8-0A94-4A9C-A06A-7B9A8A29ECC0}.Debug|Any CPU.Build.0 = Debug|Any CPU
		{F1CC24D8-0A94-4A9C-A06A-7B9A8A29ECC0}.Release|Any CPU.ActiveCfg = Release|Any CPU
		{F1CC24D8-0A94-4A9C-A06A-7B9A8A29ECC0}.Release|Any CPU.Build.0 = Release|Any CPU
		{DFC621BB-2FC8-49F9-AC85-89FFFF380A8D}.Debug|Any CPU.ActiveCfg = Debug|Any CPU
		{DFC621BB-2FC8-49F9-AC85-89FFFF380A8D}.Debug|Any CPU.Build.0 = Debug|Any CPU
		{DFC621BB-2FC8-49F9-AC85-89FFFF380A8D}.Release|Any CPU.ActiveCfg = Release|Any CPU
		{DFC621BB-2FC8-49F9-AC85-89FFFF380A8D}.Release|Any CPU.Build.0 = Release|Any CPU
		{9A954EB2-9AAE-4550-83EC-51A6ABECA75A}.Debug|Any CPU.ActiveCfg = Debug|Any CPU
		{9A954EB2-9AAE-4550-83EC-51A6ABECA75A}.Debug|Any CPU.Build.0 = Debug|Any CPU
		{9A954EB2-9AAE-4550-83EC-51A6ABECA75A}.Release|Any CPU.ActiveCfg = Release|Any CPU
		{9A954EB2-9AAE-4550-83EC-51A6ABECA75A}.Release|Any CPU.Build.0 = Release|Any CPU
		{1D335650-1D29-45AE-AF14-5C1C9DAC8473}.Debug|Any CPU.ActiveCfg = Debug|Any CPU
		{1D335650-1D29-45AE-AF14-5C1C9DAC8473}.Debug|Any CPU.Build.0 = Debug|Any CPU
		{1D335650-1D29-45AE-AF14-5C1C9DAC8473}.Release|Any CPU.ActiveCfg = Release|Any CPU
		{1D335650-1D29-45AE-AF14-5C1C9DAC8473}.Release|Any CPU.Build.0 = Release|Any CPU
		{5ADD5A7D-53CA-40F0-9971-B90A7DB141FC}.Debug|Any CPU.ActiveCfg = Debug|Any CPU
		{5ADD5A7D-53CA-40F0-9971-B90A7DB141FC}.Debug|Any CPU.Build.0 = Debug|Any CPU
		{5ADD5A7D-53CA-40F0-9971-B90A7DB141FC}.Release|Any CPU.ActiveCfg = Release|Any CPU
		{5ADD5A7D-53CA-40F0-9971-B90A7DB141FC}.Release|Any CPU.Build.0 = Release|Any CPU
		{91079167-BA49-443C-9198-60FE6554910B}.Debug|Any CPU.ActiveCfg = Debug|Any CPU
		{91079167-BA49-443C-9198-60FE6554910B}.Debug|Any CPU.Build.0 = Debug|Any CPU
		{91079167-BA49-443C-9198-60FE6554910B}.Release|Any CPU.ActiveCfg = Release|Any CPU
		{91079167-BA49-443C-9198-60FE6554910B}.Release|Any CPU.Build.0 = Release|Any CPU
		{15012085-D422-44BE-B81D-6E6D2204790A}.Debug|Any CPU.ActiveCfg = Debug|Any CPU
		{15012085-D422-44BE-B81D-6E6D2204790A}.Debug|Any CPU.Build.0 = Debug|Any CPU
		{15012085-D422-44BE-B81D-6E6D2204790A}.Release|Any CPU.ActiveCfg = Release|Any CPU
		{15012085-D422-44BE-B81D-6E6D2204790A}.Release|Any CPU.Build.0 = Release|Any CPU
		{7C07A0BD-CACB-41FA-98A3-203D01C8B849}.Debug|Any CPU.ActiveCfg = Debug|Any CPU
		{7C07A0BD-CACB-41FA-98A3-203D01C8B849}.Debug|Any CPU.Build.0 = Debug|Any CPU
		{7C07A0BD-CACB-41FA-98A3-203D01C8B849}.Release|Any CPU.ActiveCfg = Release|Any CPU
		{7C07A0BD-CACB-41FA-98A3-203D01C8B849}.Release|Any CPU.Build.0 = Release|Any CPU
		{4DFD94F2-9E16-4599-91F8-E857F7751156}.Debug|Any CPU.ActiveCfg = Debug|Any CPU
		{4DFD94F2-9E16-4599-91F8-E857F7751156}.Debug|Any CPU.Build.0 = Debug|Any CPU
		{4DFD94F2-9E16-4599-91F8-E857F7751156}.Release|Any CPU.ActiveCfg = Release|Any CPU
		{4DFD94F2-9E16-4599-91F8-E857F7751156}.Release|Any CPU.Build.0 = Release|Any CPU
		{D1D7251E-337C-4F02-B84B-9E5D2DA4D266}.Debug|Any CPU.ActiveCfg = Debug|Any CPU
		{D1D7251E-337C-4F02-B84B-9E5D2DA4D266}.Debug|Any CPU.Build.0 = Debug|Any CPU
		{D1D7251E-337C-4F02-B84B-9E5D2DA4D266}.Release|Any CPU.ActiveCfg = Release|Any CPU
		{D1D7251E-337C-4F02-B84B-9E5D2DA4D266}.Release|Any CPU.Build.0 = Release|Any CPU
		{8679A7AC-B1ED-4E40-B69F-58B390339940}.Debug|Any CPU.ActiveCfg = Debug|Any CPU
		{8679A7AC-B1ED-4E40-B69F-58B390339940}.Debug|Any CPU.Build.0 = Debug|Any CPU
		{8679A7AC-B1ED-4E40-B69F-58B390339940}.Release|Any CPU.ActiveCfg = Release|Any CPU
		{8679A7AC-B1ED-4E40-B69F-58B390339940}.Release|Any CPU.Build.0 = Release|Any CPU
		{06800A09-4ECD-45F6-BBB6-AB5151B02B57}.Debug|Any CPU.ActiveCfg = Debug|Any CPU
		{06800A09-4ECD-45F6-BBB6-AB5151B02B57}.Debug|Any CPU.Build.0 = Debug|Any CPU
		{06800A09-4ECD-45F6-BBB6-AB5151B02B57}.Release|Any CPU.ActiveCfg = Release|Any CPU
		{06800A09-4ECD-45F6-BBB6-AB5151B02B57}.Release|Any CPU.Build.0 = Release|Any CPU
		{C9F0A0D5-7473-40F3-92CA-1A64753351ED}.Debug|Any CPU.ActiveCfg = Debug|Any CPU
		{C9F0A0D5-7473-40F3-92CA-1A64753351ED}.Debug|Any CPU.Build.0 = Debug|Any CPU
		{C9F0A0D5-7473-40F3-92CA-1A64753351ED}.Release|Any CPU.ActiveCfg = Release|Any CPU
		{C9F0A0D5-7473-40F3-92CA-1A64753351ED}.Release|Any CPU.Build.0 = Release|Any CPU
		{AD23FEFD-1491-4240-BAB8-796BB8EA7154}.Debug|Any CPU.ActiveCfg = Debug|Any CPU
		{AD23FEFD-1491-4240-BAB8-796BB8EA7154}.Debug|Any CPU.Build.0 = Debug|Any CPU
		{AD23FEFD-1491-4240-BAB8-796BB8EA7154}.Release|Any CPU.ActiveCfg = Release|Any CPU
		{AD23FEFD-1491-4240-BAB8-796BB8EA7154}.Release|Any CPU.Build.0 = Release|Any CPU
	EndGlobalSection
	GlobalSection(SolutionProperties) = preSolution
		HideSolutionNode = FALSE
	EndGlobalSection
	GlobalSection(ExtensibilityGlobals) = postSolution
		SolutionGuid = {9A609BD5-3B2A-490C-8A9D-FF0C22B16BCA}
	EndGlobalSection
EndGlobal
